// !$*UTF8*$!
{
	archiveVersion = 1;
	classes = {
	};
	objectVersion = 46;
	objects = {

/* Begin PBXBuildFile section */
		1206360518995BC70007E758 /* MainMenu.xib in Resources */ = {isa = PBXBuildFile; fileRef = 1206360418995BC70007E758 /* MainMenu.xib */; };
		128D911E1896B361000EDC89 /* Cocoa.framework in Frameworks */ = {isa = PBXBuildFile; fileRef = 128D911D1896B361000EDC89 /* Cocoa.framework */; };
		128D91281896B361000EDC89 /* InfoPlist.strings in Resources */ = {isa = PBXBuildFile; fileRef = 128D91261896B361000EDC89 /* InfoPlist.strings */; };
		128D912A1896B361000EDC89 /* main.m in Sources */ = {isa = PBXBuildFile; fileRef = 128D91291896B361000EDC89 /* main.m */; };
		128D912E1896B361000EDC89 /* Credits.rtf in Resources */ = {isa = PBXBuildFile; fileRef = 128D912C1896B361000EDC89 /* Credits.rtf */; };
		128D91311896B361000EDC89 /* SAppDelegate.m in Sources */ = {isa = PBXBuildFile; fileRef = 128D91301896B361000EDC89 /* SAppDelegate.m */; };
		128D913B1896B647000EDC89 /* Quartz.framework in Frameworks */ = {isa = PBXBuildFile; fileRef = 128D913A1896B647000EDC89 /* Quartz.framework */; };
		128D913D1896B64F000EDC89 /* ImageCaptureCore.framework in Frameworks */ = {isa = PBXBuildFile; fileRef = 128D913C1896B64F000EDC89 /* ImageCaptureCore.framework */; };
/* End PBXBuildFile section */

/* Begin PBXFileReference section */
		1206360418995BC70007E758 /* MainMenu.xib */ = {isa = PBXFileReference; fileEncoding = 4; lastKnownFileType = file.xib; path = MainMenu.xib; sourceTree = "<group>"; };
		128D91191896B361000EDC89 /* Scanner.app */ = {isa = PBXFileReference; explicitFileType = wrapper.application; includeInIndex = 0; path = Scanner.app; sourceTree = BUILT_PRODUCTS_DIR; };
		128D911D1896B361000EDC89 /* Cocoa.framework */ = {isa = PBXFileReference; lastKnownFileType = wrapper.framework; name = Cocoa.framework; path = System/Library/Frameworks/Cocoa.framework; sourceTree = SDKROOT; };
		128D91201896B361000EDC89 /* AppKit.framework */ = {isa = PBXFileReference; lastKnownFileType = wrapper.framework; name = AppKit.framework; path = System/Library/Frameworks/AppKit.framework; sourceTree = SDKROOT; };
		128D91211896B361000EDC89 /* CoreData.framework */ = {isa = PBXFileReference; lastKnownFileType = wrapper.framework; name = CoreData.framework; path = System/Library/Frameworks/CoreData.framework; sourceTree = SDKROOT; };
		128D91221896B361000EDC89 /* Foundation.framework */ = {isa = PBXFileReference; lastKnownFileType = wrapper.framework; name = Foundation.framework; path = System/Library/Frameworks/Foundation.framework; sourceTree = SDKROOT; };
		128D91251896B361000EDC89 /* Scanner-Info.plist */ = {isa = PBXFileReference; lastKnownFileType = text.plist.xml; path = "Scanner-Info.plist"; sourceTree = "<group>"; };
		128D91271896B361000EDC89 /* en */ = {isa = PBXFileReference; lastKnownFileType = text.plist.strings; name = en; path = en.lproj/InfoPlist.strings; sourceTree = "<group>"; };
		128D91291896B361000EDC89 /* main.m */ = {isa = PBXFileReference; lastKnownFileType = sourcecode.c.objc; path = main.m; sourceTree = "<group>"; };
		128D912B1896B361000EDC89 /* Scanner-Prefix.pch */ = {isa = PBXFileReference; lastKnownFileType = sourcecode.c.h; path = "Scanner-Prefix.pch"; sourceTree = "<group>"; };
		128D912D1896B361000EDC89 /* en */ = {isa = PBXFileReference; lastKnownFileType = text.rtf; name = en; path = en.lproj/Credits.rtf; sourceTree = "<group>"; };
		128D912F1896B361000EDC89 /* SAppDelegate.h */ = {isa = PBXFileReference; lastKnownFileType = sourcecode.c.h; path = SAppDelegate.h; sourceTree = "<group>"; };
		128D91301896B361000EDC89 /* SAppDelegate.m */ = {isa = PBXFileReference; lastKnownFileType = sourcecode.c.objc; path = SAppDelegate.m; sourceTree = "<group>"; };
		128D913A1896B647000EDC89 /* Quartz.framework */ = {isa = PBXFileReference; lastKnownFileType = wrapper.framework; name = Quartz.framework; path = System/Library/Frameworks/Quartz.framework; sourceTree = SDKROOT; };
		128D913C1896B64F000EDC89 /* ImageCaptureCore.framework */ = {isa = PBXFileReference; lastKnownFileType = wrapper.framework; name = ImageCaptureCore.framework; path = System/Library/Frameworks/ImageCaptureCore.framework; sourceTree = SDKROOT; };
/* End PBXFileReference section */

/* Begin PBXFrameworksBuildPhase section */
		128D91161896B361000EDC89 /* Frameworks */ = {
			isa = PBXFrameworksBuildPhase;
			buildActionMask = 2147483647;
			files = (
				128D913D1896B64F000EDC89 /* ImageCaptureCore.framework in Frameworks */,
				128D913B1896B647000EDC89 /* Quartz.framework in Frameworks */,
				128D911E1896B361000EDC89 /* Cocoa.framework in Frameworks */,
			);
			runOnlyForDeploymentPostprocessing = 0;
		};
/* End PBXFrameworksBuildPhase section */

/* Begin PBXGroup section */
		128D910E1896B360000EDC89 = {
			isa = PBXGroup;
			children = (
				128D91231896B361000EDC89 /* Scanner */,
				128D911C1896B361000EDC89 /* Frameworks */,
				128D911A1896B361000EDC89 /* Products */,
			);
			sourceTree = "<group>";
		};
		128D911A1896B361000EDC89 /* Products */ = {
			isa = PBXGroup;
			children = (
				128D91191896B361000EDC89 /* Scanner.app */,
			);
			name = Products;
			sourceTree = "<group>";
		};
		128D911C1896B361000EDC89 /* Frameworks */ = {
			isa = PBXGroup;
			children = (
				128D913C1896B64F000EDC89 /* ImageCaptureCore.framework */,
				128D913A1896B647000EDC89 /* Quartz.framework */,
				128D911D1896B361000EDC89 /* Cocoa.framework */,
				128D911F1896B361000EDC89 /* Other Frameworks */,
			);
			name = Frameworks;
			sourceTree = "<group>";
		};
		128D911F1896B361000EDC89 /* Other Frameworks */ = {
			isa = PBXGroup;
			children = (
				128D91201896B361000EDC89 /* AppKit.framework */,
				128D91211896B361000EDC89 /* CoreData.framework */,
				128D91221896B361000EDC89 /* Foundation.framework */,
			);
			name = "Other Frameworks";
			sourceTree = "<group>";
		};
		128D91231896B361000EDC89 /* Scanner */ = {
			isa = PBXGroup;
			children = (
				128D912F1896B361000EDC89 /* SAppDelegate.h */,
				128D91301896B361000EDC89 /* SAppDelegate.m */,
				1206360418995BC70007E758 /* MainMenu.xib */,
				128D91241896B361000EDC89 /* Supporting Files */,
			);
			path = Scanner;
			sourceTree = "<group>";
		};
		128D91241896B361000EDC89 /* Supporting Files */ = {
			isa = PBXGroup;
			children = (
				128D91251896B361000EDC89 /* Scanner-Info.plist */,
				128D91261896B361000EDC89 /* InfoPlist.strings */,
				128D91291896B361000EDC89 /* main.m */,
				128D912B1896B361000EDC89 /* Scanner-Prefix.pch */,
				128D912C1896B361000EDC89 /* Credits.rtf */,
			);
			name = "Supporting Files";
			sourceTree = "<group>";
		};
/* End PBXGroup section */

/* Begin PBXNativeTarget section */
		128D91181896B361000EDC89 /* Scanner */ = {
			isa = PBXNativeTarget;
			buildConfigurationList = 128D91371896B362000EDC89 /* Build configuration list for PBXNativeTarget "Scanner" */;
			buildPhases = (
				128D91151896B361000EDC89 /* Sources */,
				128D91161896B361000EDC89 /* Frameworks */,
				128D91171896B361000EDC89 /* Resources */,
			);
			buildRules = (
			);
			dependencies = (
			);
			name = Scanner;
			productName = Scanner;
			productReference = 128D91191896B361000EDC89 /* Scanner.app */;
			productType = "com.apple.product-type.application";
		};
/* End PBXNativeTarget section */

/* Begin PBXProject section */
		128D91101896B360000EDC89 /* Project object */ = {
			isa = PBXProject;
			attributes = {
				LastUpgradeCheck = 0420;
				ORGANIZATIONNAME = "Levi Dhuyvetter";
			};
			buildConfigurationList = 128D91131896B360000EDC89 /* Build configuration list for PBXProject "Scanner" */;
			compatibilityVersion = "Xcode 3.2";
			developmentRegion = English;
			hasScannedForEncodings = 0;
			knownRegions = (
				en,
			);
			mainGroup = 128D910E1896B360000EDC89;
			productRefGroup = 128D911A1896B361000EDC89 /* Products */;
			projectDirPath = "";
			projectRoot = "";
			targets = (
				128D91181896B361000EDC89 /* Scanner */,
			);
		};
/* End PBXProject section */

/* Begin PBXResourcesBuildPhase section */
		128D91171896B361000EDC89 /* Resources */ = {
			isa = PBXResourcesBuildPhase;
			buildActionMask = 2147483647;
			files = (
				128D91281896B361000EDC89 /* InfoPlist.strings in Resources */,
				128D912E1896B361000EDC89 /* Credits.rtf in Resources */,
				1206360518995BC70007E758 /* MainMenu.xib in Resources */,
			);
			runOnlyForDeploymentPostprocessing = 0;
		};
/* End PBXResourcesBuildPhase section */

/* Begin PBXSourcesBuildPhase section */
		128D91151896B361000EDC89 /* Sources */ = {
			isa = PBXSourcesBuildPhase;
			buildActionMask = 2147483647;
			files = (
				128D912A1896B361000EDC89 /* main.m in Sources */,
				128D91311896B361000EDC89 /* SAppDelegate.m in Sources */,
			);
			runOnlyForDeploymentPostprocessing = 0;
		};
/* End PBXSourcesBuildPhase section */

/* Begin PBXVariantGroup section */
		128D91261896B361000EDC89 /* InfoPlist.strings */ = {
			isa = PBXVariantGroup;
			children = (
				128D91271896B361000EDC89 /* en */,
			);
			name = InfoPlist.strings;
			sourceTree = "<group>";
		};
		128D912C1896B361000EDC89 /* Credits.rtf */ = {
			isa = PBXVariantGroup;
			children = (
				128D912D1896B361000EDC89 /* en */,
			);
			name = Credits.rtf;
			sourceTree = "<group>";
		};
/* End PBXVariantGroup section */

/* Begin XCBuildConfiguration section */
		128D91351896B362000EDC89 /* Debug */ = {
			isa = XCBuildConfiguration;
			buildSettings = {
				ALWAYS_SEARCH_USER_PATHS = NO;
				ARCHS = "$(ARCHS_STANDARD_64_BIT)";
				COPY_PHASE_STRIP = NO;
				GCC_C_LANGUAGE_STANDARD = gnu99;
				GCC_DYNAMIC_NO_PIC = NO;
				GCC_ENABLE_OBJC_EXCEPTIONS = YES;
				GCC_OPTIMIZATION_LEVEL = 0;
				GCC_PREPROCESSOR_DEFINITIONS = (
					"DEBUG=1",
					"$(inherited)",
				);
				GCC_SYMBOLS_PRIVATE_EXTERN = NO;
				GCC_VERSION = com.apple.compilers.llvm.clang.1_0;
				GCC_WARN_64_TO_32_BIT_CONVERSION = YES;
				GCC_WARN_ABOUT_MISSING_PROTOTYPES = YES;
				GCC_WARN_ABOUT_RETURN_TYPE = YES;
				GCC_WARN_UNUSED_VARIABLE = YES;
				MACOSX_DEPLOYMENT_TARGET = 10.6;
				ONLY_ACTIVE_ARCH = YES;
				SDKROOT = macosx;
			};
			name = Debug;
		};
		128D91361896B362000EDC89 /* Release */ = {
			isa = XCBuildConfiguration;
			buildSettings = {
				ALWAYS_SEARCH_USER_PATHS = NO;
				ARCHS = "$(ARCHS_STANDARD_64_BIT)";
				COPY_PHASE_STRIP = YES;
				DEBUG_INFORMATION_FORMAT = "dwarf-with-dsym";
				GCC_C_LANGUAGE_STANDARD = gnu99;
				GCC_ENABLE_OBJC_EXCEPTIONS = YES;
				GCC_VERSION = com.apple.compilers.llvm.clang.1_0;
				GCC_WARN_64_TO_32_BIT_CONVERSION = YES;
				GCC_WARN_ABOUT_MISSING_PROTOTYPES = YES;
				GCC_WARN_ABOUT_RETURN_TYPE = YES;
				GCC_WARN_UNUSED_VARIABLE = YES;
				MACOSX_DEPLOYMENT_TARGET = 10.6;
				SDKROOT = macosx;
			};
			name = Release;
		};
		128D91381896B362000EDC89 /* Debug */ = {
			isa = XCBuildConfiguration;
			buildSettings = {
				GCC_PRECOMPILE_PREFIX_HEADER = YES;
				GCC_PREFIX_HEADER = "Scanner/Scanner-Prefix.pch";
				INFOPLIST_FILE = "Scanner/Scanner-Info.plist";
				PRODUCT_NAME = "$(TARGET_NAME)";
				WRAPPER_EXTENSION = app;
			};
			name = Debug;
		};
		128D91391896B362000EDC89 /* Release */ = {
			isa = XCBuildConfiguration;
			buildSettings = {
				GCC_PRECOMPILE_PREFIX_HEADER = YES;
				GCC_PREFIX_HEADER = "Scanner/Scanner-Prefix.pch";
				INFOPLIST_FILE = "Scanner/Scanner-Info.plist";
				PRODUCT_NAME = "$(TARGET_NAME)";
				WRAPPER_EXTENSION = app;
			};
			name = Release;
		};
/* End XCBuildConfiguration section */

/* Begin XCConfigurationList section */
		128D91131896B360000EDC89 /* Build configuration list for PBXProject "Scanner" */ = {
			isa = XCConfigurationList;
			buildConfigurations = (
				128D91351896B362000EDC89 /* Debug */,
				128D91361896B362000EDC89 /* Release */,
			);
			defaultConfigurationIsVisible = 0;
			defaultConfigurationName = Release;
		};
		128D91371896B362000EDC89 /* Build configuration list for PBXNativeTarget "Scanner" */ = {
			isa = XCConfigurationList;
			buildConfigurations = (
				128D91381896B362000EDC89 /* Debug */,
				128D91391896B362000EDC89 /* Release */,
			);
			defaultConfigurationIsVisible = 0;
			defaultConfigurationName = Release;
		};
/* End XCConfigurationList section */
	};
	rootObject = 128D91101896B360000EDC89 /* Project object */;
}
