// !$*UTF8*$!
{
	archiveVersion = 1;
	classes = {
	};
	objectVersion = 46;
	objects = {

/* Begin PBXBuildFile section */
		1206360518995BC70007E758 /* SMainMenu.xib in Resources */ = {isa = PBXBuildFile; fileRef = 1206360418995BC70007E758 /* SMainMenu.xib */; };
		128D911E1896B361000EDC89 /* Cocoa.framework in Frameworks */ = {isa = PBXBuildFile; fileRef = 128D911D1896B361000EDC89 /* Cocoa.framework */; };
		128D912A1896B361000EDC89 /* main.m in Sources */ = {isa = PBXBuildFile; fileRef = 128D91291896B361000EDC89 /* main.m */; };
		128D913B1896B647000EDC89 /* Quartz.framework in Frameworks */ = {isa = PBXBuildFile; fileRef = 128D913A1896B647000EDC89 /* Quartz.framework */; };
		128D913D1896B64F000EDC89 /* ImageCaptureCore.framework in Frameworks */ = {isa = PBXBuildFile; fileRef = 128D913C1896B64F000EDC89 /* ImageCaptureCore.framework */; };
		128F166F18999AC700C928A3 /* SAppIcon.icns in Resources */ = {isa = PBXBuildFile; fileRef = 128F166E18999AC700C928A3 /* SAppIcon.icns */; };
		1294E6E918A6B24000FC7F8A /* Foundation.framework in Frameworks */ = {isa = PBXBuildFile; fileRef = 128D91221896B361000EDC89 /* Foundation.framework */; };
		1294E6EA18A6B25200FC7F8A /* AppKit.framework in Frameworks */ = {isa = PBXBuildFile; fileRef = 128D91201896B361000EDC89 /* AppKit.framework */; };
		12998F4D18A3B4DE00A5E253 /* SOrientationLandscapeTemplate.pdf in Resources */ = {isa = PBXBuildFile; fileRef = 12998F4B18A3B4DE00A5E253 /* SOrientationLandscapeTemplate.pdf */; };
		12998F4E18A3B4DE00A5E253 /* SOrientationPortraitTemplate.pdf in Resources */ = {isa = PBXBuildFile; fileRef = 12998F4C18A3B4DE00A5E253 /* SOrientationPortraitTemplate.pdf */; };
		12998F5318A3BA0F00A5E253 /* SKindGrayTemplate.pdf in Resources */ = {isa = PBXBuildFile; fileRef = 12998F5018A3BA0F00A5E253 /* SKindGrayTemplate.pdf */; };
		12998F5418A3BA0F00A5E253 /* SKindRGBTemplate.pdf in Resources */ = {isa = PBXBuildFile; fileRef = 12998F5118A3BA0F00A5E253 /* SKindRGBTemplate.pdf */; };
		12998F5518A3BA0F00A5E253 /* SKindBWTemplate.pdf in Resources */ = {isa = PBXBuildFile; fileRef = 12998F5218A3BA0F00A5E253 /* SKindBWTemplate.pdf */; };
		12C37F7E18A41ABB00044933 /* SAppDelegate.m in Sources */ = {isa = PBXBuildFile; fileRef = 12C37F7F18A41ABB00044933 /* SAppDelegate.m */; };
		12C37F8018A41AC900044933 /* SScannerController.m in Sources */ = {isa = PBXBuildFile; fileRef = 12C37F8118A41AC900044933 /* SScannerController.m */; };
/* End PBXBuildFile section */

/* Begin PBXFileReference section */
		1206360418995BC70007E758 /* SMainMenu.xib */ = {isa = PBXFileReference; fileEncoding = 4; lastKnownFileType = file.xib; name = SMainMenu.xib; path = Scanner/SMainMenu.xib; sourceTree = "<group>"; };
		128D91191896B361000EDC89 /* Scanner.app */ = {isa = PBXFileReference; explicitFileType = wrapper.application; includeInIndex = 0; path = Scanner.app; sourceTree = BUILT_PRODUCTS_DIR; };
		128D911D1896B361000EDC89 /* Cocoa.framework */ = {isa = PBXFileReference; lastKnownFileType = wrapper.framework; name = Cocoa.framework; path = System/Library/Frameworks/Cocoa.framework; sourceTree = SDKROOT; };
		128D91201896B361000EDC89 /* AppKit.framework */ = {isa = PBXFileReference; lastKnownFileType = wrapper.framework; name = AppKit.framework; path = System/Library/Frameworks/AppKit.framework; sourceTree = SDKROOT; };
		128D91221896B361000EDC89 /* Foundation.framework */ = {isa = PBXFileReference; lastKnownFileType = wrapper.framework; name = Foundation.framework; path = System/Library/Frameworks/Foundation.framework; sourceTree = SDKROOT; };
		128D91251896B361000EDC89 /* SInfo.plist */ = {isa = PBXFileReference; lastKnownFileType = text.plist.xml; name = SInfo.plist; path = Scanner/SInfo.plist; sourceTree = "<group>"; };
		128D91291896B361000EDC89 /* main.m */ = {isa = PBXFileReference; lastKnownFileType = sourcecode.c.objc; name = main.m; path = Scanner/main.m; sourceTree = "<group>"; };
		128D912B1896B361000EDC89 /* SPrefix.pch */ = {isa = PBXFileReference; lastKnownFileType = sourcecode.c.h; name = SPrefix.pch; path = Scanner/SPrefix.pch; sourceTree = "<group>"; };
		128D913A1896B647000EDC89 /* Quartz.framework */ = {isa = PBXFileReference; lastKnownFileType = wrapper.framework; name = Quartz.framework; path = System/Library/Frameworks/Quartz.framework; sourceTree = SDKROOT; };
		128D913C1896B64F000EDC89 /* ImageCaptureCore.framework */ = {isa = PBXFileReference; lastKnownFileType = wrapper.framework; name = ImageCaptureCore.framework; path = System/Library/Frameworks/ImageCaptureCore.framework; sourceTree = SDKROOT; };
		128F166E18999AC700C928A3 /* SAppIcon.icns */ = {isa = PBXFileReference; lastKnownFileType = image.icns; name = SAppIcon.icns; path = Scanner/SAppIcon.icns; sourceTree = "<group>"; };
		12998F4B18A3B4DE00A5E253 /* SOrientationLandscapeTemplate.pdf */ = {isa = PBXFileReference; lastKnownFileType = image.pdf; path = SOrientationLandscapeTemplate.pdf; sourceTree = "<group>"; };
		12998F4C18A3B4DE00A5E253 /* SOrientationPortraitTemplate.pdf */ = {isa = PBXFileReference; lastKnownFileType = image.pdf; path = SOrientationPortraitTemplate.pdf; sourceTree = "<group>"; };
		12998F5018A3BA0F00A5E253 /* SKindGrayTemplate.pdf */ = {isa = PBXFileReference; lastKnownFileType = image.pdf; path = SKindGrayTemplate.pdf; sourceTree = "<group>"; };
		12998F5118A3BA0F00A5E253 /* SKindRGBTemplate.pdf */ = {isa = PBXFileReference; lastKnownFileType = image.pdf; path = SKindRGBTemplate.pdf; sourceTree = "<group>"; };
		12998F5218A3BA0F00A5E253 /* SKindBWTemplate.pdf */ = {isa = PBXFileReference; lastKnownFileType = image.pdf; path = SKindBWTemplate.pdf; sourceTree = "<group>"; };
		12C37F7118A40EF500044933 /* SScannerController.h */ = {isa = PBXFileReference; fileEncoding = 4; lastKnownFileType = sourcecode.c.h; path = SScannerController.h; sourceTree = "<group>"; };
		12C37F7D18A41AB400044933 /* SAppDelegate.h */ = {isa = PBXFileReference; lastKnownFileType = sourcecode.c.h; name = SAppDelegate.h; path = Scanner/SAppDelegate.h; sourceTree = "<group>"; };
		12C37F7F18A41ABB00044933 /* SAppDelegate.m */ = {isa = PBXFileReference; lastKnownFileType = sourcecode.c.objc; name = SAppDelegate.m; path = Scanner/SAppDelegate.m; sourceTree = "<group>"; };
		12C37F8118A41AC900044933 /* SScannerController.m */ = {isa = PBXFileReference; lastKnownFileType = sourcecode.c.objc; path = SScannerController.m; sourceTree = "<group>"; };
/* End PBXFileReference section */

/* Begin PBXFrameworksBuildPhase section */
		128D91161896B361000EDC89 /* Frameworks */ = {
			isa = PBXFrameworksBuildPhase;
			buildActionMask = 2147483647;
			files = (
				1294E6EA18A6B25200FC7F8A /* AppKit.framework in Frameworks */,
				1294E6E918A6B24000FC7F8A /* Foundation.framework in Frameworks */,
				128D913D1896B64F000EDC89 /* ImageCaptureCore.framework in Frameworks */,
				128D913B1896B647000EDC89 /* Quartz.framework in Frameworks */,
				128D911E1896B361000EDC89 /* Cocoa.framework in Frameworks */,
			);
			runOnlyForDeploymentPostprocessing = 0;
		};
/* End PBXFrameworksBuildPhase section */

/* Begin PBXGroup section */
		128D910E1896B360000EDC89 = {
			isa = PBXGroup;
			children = (
				128D91231896B361000EDC89 /* Scanner */,
				128D911C1896B361000EDC89 /* Frameworks */,
				128D911A1896B361000EDC89 /* Products */,
			);
			sourceTree = "<group>";
		};
		128D911A1896B361000EDC89 /* Products */ = {
			isa = PBXGroup;
			children = (
				128D91191896B361000EDC89 /* Scanner.app */,
			);
			name = Products;
			sourceTree = "<group>";
		};
		128D911C1896B361000EDC89 /* Frameworks */ = {
			isa = PBXGroup;
			children = (
				128D91201896B361000EDC89 /* AppKit.framework */,
				128D91221896B361000EDC89 /* Foundation.framework */,
				128D913C1896B64F000EDC89 /* ImageCaptureCore.framework */,
				128D913A1896B647000EDC89 /* Quartz.framework */,
				128D911D1896B361000EDC89 /* Cocoa.framework */,
			);
			name = Frameworks;
			sourceTree = "<group>";
		};
		128D91231896B361000EDC89 /* Scanner */ = {
			isa = PBXGroup;
			children = (
				12D15D9C189C43A000F7EDCA /* Interfaces */,
				12D15D9B189C438800F7EDCA /* Sources */,
				1290A79F1899DDB2006185D5 /* Resources */,
				12D15D9D189C43B000F7EDCA /* Support */,
			);
			path = Scanner;
			sourceTree = "<group>";
		};
		1290A79F1899DDB2006185D5 /* Resources */ = {
			isa = PBXGroup;
			children = (
				12D15D9E189C440200F7EDCA /* Images */,
			);
			name = Resources;
			path = ..;
			sourceTree = "<group>";
		};
		12D15D9B189C438800F7EDCA /* Sources */ = {
			isa = PBXGroup;
			children = (
				12C37F7D18A41AB400044933 /* SAppDelegate.h */,
				12C37F7F18A41ABB00044933 /* SAppDelegate.m */,
				12C37F7118A40EF500044933 /* SScannerController.h */,
				12C37F8118A41AC900044933 /* SScannerController.m */,
			);
			name = Sources;
			path = ..;
			sourceTree = "<group>";
		};
		12D15D9C189C43A000F7EDCA /* Interfaces */ = {
			isa = PBXGroup;
			children = (
				1206360418995BC70007E758 /* SMainMenu.xib */,
			);
			name = Interfaces;
			path = ..;
			sourceTree = "<group>";
		};
		12D15D9D189C43B000F7EDCA /* Support */ = {
			isa = PBXGroup;
			children = (
				128D91251896B361000EDC89 /* SInfo.plist */,
				128D91291896B361000EDC89 /* main.m */,
				128D912B1896B361000EDC89 /* SPrefix.pch */,
			);
			name = Support;
			path = ..;
			sourceTree = "<group>";
		};
		12D15D9E189C440200F7EDCA /* Images */ = {
			isa = PBXGroup;
			children = (
				128F166E18999AC700C928A3 /* SAppIcon.icns */,
				12998F4B18A3B4DE00A5E253 /* SOrientationLandscapeTemplate.pdf */,
				12998F4C18A3B4DE00A5E253 /* SOrientationPortraitTemplate.pdf */,
				12998F5018A3BA0F00A5E253 /* SKindGrayTemplate.pdf */,
				12998F5118A3BA0F00A5E253 /* SKindRGBTemplate.pdf */,
				12998F5218A3BA0F00A5E253 /* SKindBWTemplate.pdf */,
			);
			name = Images;
			sourceTree = "<group>";
		};
/* End PBXGroup section */

/* Begin PBXNativeTarget section */
		128D91181896B361000EDC89 /* Scanner */ = {
			isa = PBXNativeTarget;
			buildConfigurationList = 128D91371896B362000EDC89 /* Build configuration list for PBXNativeTarget "Scanner" */;
			buildPhases = (
				12F042A4189F188200849AF9 /* Increment Build Number */,
				128D91151896B361000EDC89 /* Sources */,
				128D91161896B361000EDC89 /* Frameworks */,
				128D91171896B361000EDC89 /* Resources */,
			);
			buildRules = (
			);
			dependencies = (
			);
			name = Scanner;
			productName = Scanner;
			productReference = 128D91191896B361000EDC89 /* Scanner.app */;
			productType = "com.apple.product-type.application";
		};
/* End PBXNativeTarget section */

/* Begin PBXProject section */
		128D91101896B360000EDC89 /* Project object */ = {
			isa = PBXProject;
			attributes = {
				LastUpgradeCheck = 0420;
				ORGANIZATIONNAME = "Levi Dhuyvetter";
			};
			buildConfigurationList = 128D91131896B360000EDC89 /* Build configuration list for PBXProject "Scanner" */;
			compatibilityVersion = "Xcode 3.2";
			developmentRegion = English;
			hasScannedForEncodings = 0;
			knownRegions = (
				en,
			);
			mainGroup = 128D910E1896B360000EDC89;
			productRefGroup = 128D911A1896B361000EDC89 /* Products */;
			projectDirPath = "";
			projectRoot = "";
			targets = (
				128D91181896B361000EDC89 /* Scanner */,
			);
		};
/* End PBXProject section */

/* Begin PBXResourcesBuildPhase section */
		128D91171896B361000EDC89 /* Resources */ = {
			isa = PBXResourcesBuildPhase;
			buildActionMask = 2147483647;
			files = (
				1206360518995BC70007E758 /* SMainMenu.xib in Resources */,
				128F166F18999AC700C928A3 /* SAppIcon.icns in Resources */,
				12998F4D18A3B4DE00A5E253 /* SOrientationLandscapeTemplate.pdf in Resources */,
				12998F4E18A3B4DE00A5E253 /* SOrientationPortraitTemplate.pdf in Resources */,
				12998F5318A3BA0F00A5E253 /* SKindGrayTemplate.pdf in Resources */,
				12998F5418A3BA0F00A5E253 /* SKindRGBTemplate.pdf in Resources */,
				12998F5518A3BA0F00A5E253 /* SKindBWTemplate.pdf in Resources */,
			);
			runOnlyForDeploymentPostprocessing = 0;
		};
/* End PBXResourcesBuildPhase section */

/* Begin PBXShellScriptBuildPhase section */
		12F042A4189F188200849AF9 /* Increment Build Number */ = {
			isa = PBXShellScriptBuildPhase;
			buildActionMask = 2147483647;
			files = (
			);
			inputPaths = (
			);
			name = "Increment Build Number";
			outputPaths = (
			);
			runOnlyForDeploymentPostprocessing = 0;
			shellPath = /bin/sh;
			shellScript = "#!/bin/bash    \nbn=$(/usr/libexec/PlistBuddy -c \"Print CFBundleVersion\" \"$INFOPLIST_FILE\")\nbn=$((bn += 1)) \nbn=$(printf \"%d\" $bn)\n/usr/libexec/PlistBuddy -c \"Set :CFBundleVersion $bn\" \"$INFOPLIST_FILE\"";
		};
/* End PBXShellScriptBuildPhase section */

/* Begin PBXSourcesBuildPhase section */
		128D91151896B361000EDC89 /* Sources */ = {
			isa = PBXSourcesBuildPhase;
			buildActionMask = 2147483647;
			files = (
				128D912A1896B361000EDC89 /* main.m in Sources */,
				12C37F7E18A41ABB00044933 /* SAppDelegate.m in Sources */,
				12C37F8018A41AC900044933 /* SScannerController.m in Sources */,
			);
			runOnlyForDeploymentPostprocessing = 0;
		};
/* End PBXSourcesBuildPhase section */

/* Begin XCBuildConfiguration section */
		128D91351896B362000EDC89 /* Debug */ = {
			isa = XCBuildConfiguration;
			buildSettings = {
				ALWAYS_SEARCH_USER_PATHS = NO;
				ARCHS = "$(ARCHS_STANDARD_64_BIT)";
				COPY_PHASE_STRIP = NO;
				GCC_C_LANGUAGE_STANDARD = gnu99;
				GCC_DYNAMIC_NO_PIC = NO;
				GCC_ENABLE_OBJC_EXCEPTIONS = YES;
				GCC_OPTIMIZATION_LEVEL = 0;
				GCC_PREPROCESSOR_DEFINITIONS = (
					"DEBUG=1",
					"$(inherited)",
				);
				GCC_SYMBOLS_PRIVATE_EXTERN = NO;
				GCC_VERSION = com.apple.compilers.llvm.clang.1_0;
				GCC_WARN_64_TO_32_BIT_CONVERSION = YES;
				GCC_WARN_ABOUT_MISSING_PROTOTYPES = YES;
				GCC_WARN_ABOUT_RETURN_TYPE = YES;
				GCC_WARN_UNUSED_VARIABLE = YES;
				MACOSX_DEPLOYMENT_TARGET = 10.6;
				ONLY_ACTIVE_ARCH = YES;
				SDKROOT = macosx;
			};
			name = Debug;
		};
		128D91361896B362000EDC89 /* Release */ = {
			isa = XCBuildConfiguration;
			buildSettings = {
				ALWAYS_SEARCH_USER_PATHS = NO;
				ARCHS = "$(ARCHS_STANDARD_64_BIT)";
				COPY_PHASE_STRIP = YES;
				DEBUG_INFORMATION_FORMAT = "dwarf-with-dsym";
				GCC_C_LANGUAGE_STANDARD = gnu99;
				GCC_ENABLE_OBJC_EXCEPTIONS = YES;
				GCC_VERSION = com.apple.compilers.llvm.clang.1_0;
				GCC_WARN_64_TO_32_BIT_CONVERSION = YES;
				GCC_WARN_ABOUT_MISSING_PROTOTYPES = YES;
				GCC_WARN_ABOUT_RETURN_TYPE = YES;
				GCC_WARN_UNUSED_VARIABLE = YES;
				MACOSX_DEPLOYMENT_TARGET = 10.6;
				SDKROOT = macosx;
			};
			name = Release;
		};
		128D91381896B362000EDC89 /* Debug */ = {
			isa = XCBuildConfiguration;
			buildSettings = {
				GCC_PRECOMPILE_PREFIX_HEADER = YES;
				GCC_PREFIX_HEADER = Scanner/SPrefix.pch;
				INFOPLIST_FILE = Scanner/SInfo.plist;
				PRODUCT_NAME = "$(TARGET_NAME)";
				WRAPPER_EXTENSION = app;
			};
			name = Debug;
		};
		128D91391896B362000EDC89 /* Release */ = {
			isa = XCBuildConfiguration;
			buildSettings = {
				GCC_PRECOMPILE_PREFIX_HEADER = YES;
				GCC_PREFIX_HEADER = Scanner/SPrefix.pch;
				INFOPLIST_FILE = Scanner/SInfo.plist;
				PRODUCT_NAME = "$(TARGET_NAME)";
				WRAPPER_EXTENSION = app;
			};
			name = Release;
		};
/* End XCBuildConfiguration section */

/* Begin XCConfigurationList section */
		128D91131896B360000EDC89 /* Build configuration list for PBXProject "Scanner" */ = {
			isa = XCConfigurationList;
			buildConfigurations = (
				128D91351896B362000EDC89 /* Debug */,
				128D91361896B362000EDC89 /* Release */,
			);
			defaultConfigurationIsVisible = 0;
			defaultConfigurationName = Release;
		};
		128D91371896B362000EDC89 /* Build configuration list for PBXNativeTarget "Scanner" */ = {
			isa = XCConfigurationList;
			buildConfigurations = (
				128D91381896B362000EDC89 /* Debug */,
				128D91391896B362000EDC89 /* Release */,
			);
			defaultConfigurationIsVisible = 0;
			defaultConfigurationName = Release;
		};
/* End XCConfigurationList section */
	};
	rootObject = 128D91101896B360000EDC89 /* Project object */;
}
